
Microsoft Visual Studio Solution File, Format Version 12.00
# Visual Studio Version 17
VisualStudioVersion = 17.7.34031.279
MinimumVisualStudioVersion = 10.0.40219.1
Project("{9A19103F-16F7-4668-BE54-9A1E7A4F7556}") = "Autoservice", "Autoservice\Autoservice.csproj", "{BCDD6C4D-48EF-4ABA-984C-FEDE904D7F1A}"
EndProject
Project("{9A19103F-16F7-4668-BE54-9A1E7A4F7556}") = "Autoservice.Desktop", "Autoservice.Desktop\Autoservice.Desktop.csproj", "{FB010810-8592-48C2-ABC1-D4CB0737E743}"
EndProject
Global
	GlobalSection(SolutionConfigurationPlatforms) = preSolution
		Debug|Any CPU = Debug|Any CPU
		Release|Any CPU = Release|Any CPU
	EndGlobalSection
	GlobalSection(ProjectConfigurationPlatforms) = postSolution
		{BCDD6C4D-48EF-4ABA-984C-FEDE904D7F1A}.Debug|Any CPU.ActiveCfg = Debug|Any CPU
		{BCDD6C4D-48EF-4ABA-984C-FEDE904D7F1A}.Debug|Any CPU.Build.0 = Debug|Any CPU
		{BCDD6C4D-48EF-4ABA-984C-FEDE904D7F1A}.Release|Any CPU.ActiveCfg = Release|Any CPU
		{BCDD6C4D-48EF-4ABA-984C-FEDE904D7F1A}.Release|Any CPU.Build.0 = Release|Any CPU
		{FB010810-8592-48C2-ABC1-D4CB0737E743}.Debug|Any CPU.ActiveCfg = Debug|Any CPU
		{FB010810-8592-48C2-ABC1-D4CB0737E743}.Debug|Any CPU.Build.0 = Debug|Any CPU
		{FB010810-8592-48C2-ABC1-D4CB0737E743}.Release|Any CPU.ActiveCfg = Release|Any CPU
		{FB010810-8592-48C2-ABC1-D4CB0737E743}.Release|Any CPU.Build.0 = Release|Any CPU
	EndGlobalSection
	GlobalSection(SolutionProperties) = preSolution
		HideSolutionNode = FALSE
	EndGlobalSection
	GlobalSection(ExtensibilityGlobals) = postSolution
		SolutionGuid = {5E4D91BD-9224-47C7-A7DA-6769DAA95537}
	EndGlobalSection
EndGlobal
